{
  "nodes": {
    "flake-parts": {
      "inputs": {
        "nixpkgs-lib": "nixpkgs-lib"
      },
      "locked": {
        "lastModified": 1767602221,
        "narHash": "sha256-wl3P4WioICNY9SEvClT4JLAWFtItk3CbFNm/FmeeWlI=",
        "owner": "hercules-ci",
        "repo": "flake-parts",
        "rev": "1e34f377e37de05071735d373b481da2508dd625",
        "type": "github"
      },
      "original": {
        "owner": "hercules-ci",
        "repo": "flake-parts",
        "type": "github"
      }
    },
    "llvm-project": {
      "flake": false,
      "locked": {
        "lastModified": 1767604300,
        "narHash": "sha256-mxeR/IxwZqi+Wbh0MXE0YFFzCQl8YpIY/nHF5WyHMNE=",
        "owner": "llvm",
        "repo": "llvm-project",
        "rev": "bb1f220d534b0f6d80bea36662f5188ff11c2e54",
        "type": "github"
      },
      "original": {
        "owner": "llvm",
        "repo": "llvm-project",
        "rev": "bb1f220d534b0f6d80bea36662f5188ff11c2e54",
        "type": "github"
      }
    },
    "nixpkgs": {
      "locked": {
        "lastModified": 1770841267,
        "narHash": "sha256-9xejG0KoqsoKEGp2kVbXRlEYtFFcDTHjidiuX8hGO44=",
        "owner": "NixOS",
        "repo": "nixpkgs",
        "rev": "ec7c70d12ce2fc37cb92aff673dcdca89d187bae",
        "type": "github"
      },
      "original": {
        "owner": "NixOS",
        "ref": "nixos-unstable",
        "repo": "nixpkgs",
        "type": "github"
      }
    },
    "nixpkgs-lib": {
      "locked": {
        "lastModified": 1765674936,
        "narHash": "sha256-k00uTP4JNfmejrCLJOwdObYC9jHRrr/5M/a/8L2EIdo=",
        "owner": "nix-community",
        "repo": "nixpkgs.lib",
        "rev": "2075416fcb47225d9b68ac469a5c4801a9c4dd85",
        "type": "github"
      },
      "original": {
        "owner": "nix-community",
        "repo": "nixpkgs.lib",
        "type": "github"
      }
    },
    "root": {
      "inputs": {
        "flake-parts": "flake-parts",
        "llvm-project": "llvm-project",
        "nixpkgs": "nixpkgs"
      }
    }
  },
  "root": "root",
  "version": 7
}
